
Microsoft Visual Studio Solution File, Format Version 12.00
# Visual Studio Version 16
VisualStudioVersion = 16.0.33529.622
MinimumVisualStudioVersion = 10.0.40219.1
Project("{FAE04EC0-301F-11D3-BF4B-00C04F79EFBC}") = "LAB3_1547108_VIJAY_KUMAR", "LAB3_1547108_VIJAY_KUMAR.csproj", "{A9364FC3-2EB4-465A-8F85-50656C450558}"
EndProject
Global
	GlobalSection(SolutionConfigurationPlatforms) = preSolution
		Debug|Any CPU = Debug|Any CPU
		Release|Any CPU = Release|Any CPU
	EndGlobalSection
	GlobalSection(ProjectConfigurationPlatforms) = postSolution
		{A9364FC3-2EB4-465A-8F85-50656C450558}.Debug|Any CPU.ActiveCfg = Debug|Any CPU
		{A9364FC3-2EB4-465A-8F85-50656C450558}.Debug|Any CPU.Build.0 = Debug|Any CPU
		{A9364FC3-2EB4-465A-8F85-50656C450558}.Release|Any CPU.ActiveCfg = Release|Any CPU
		{A9364FC3-2EB4-465A-8F85-50656C450558}.Release|Any CPU.Build.0 = Release|Any CPU
	EndGlobalSection
	GlobalSection(SolutionProperties) = preSolution
		HideSolutionNode = FALSE
	EndGlobalSection
	GlobalSection(ExtensibilityGlobals) = postSolution
		SolutionGuid = {980CD606-52C6-4051-A882-08325ADAEF9B}
	EndGlobalSection
EndGlobal
